<?xml version="1.0" encoding="UTF-8"?>
<!DOCTYPE plist PUBLIC "-//Apple//DTD PLIST 1.0//EN" "http://www.apple.com/DTDs/PropertyList-1.0.dtd">
<plist version="1.0">
<dict>
	<key>archiveVersion</key>
	<string>1</string>
	<key>classes</key>
	<dict/>
	<key>objectVersion</key>
	<string>46</string>
	<key>objects</key>
	<dict>
		<key>14EBB475CFDBDAD258467F50</key>
		<dict>
			<key>buildActionMask</key>
			<string>2147483647</string>
			<key>files</key>
			<array/>
			<key>inputPaths</key>
			<array/>
			<key>isa</key>
			<string>PBXShellScriptBuildPhase</string>
			<key>name</key>
			<string>Embed Pods Frameworks</string>
			<key>outputPaths</key>
			<array/>
			<key>runOnlyForDeploymentPostprocessing</key>
			<string>0</string>
			<key>shellPath</key>
			<string>/bin/sh</string>
			<key>shellScript</key>
			<string>"${SRCROOT}/Pods/Target Support Files/Pods/Pods-frameworks.sh"
</string>
			<key>showEnvVarsInLog</key>
			<string>0</string>
		</dict>
		<key>1F010B96AFEEBDB977778F47</key>
		<dict>
			<key>explicitFileType</key>
			<string>wrapper.framework</string>
			<key>includeInIndex</key>
			<string>0</string>
			<key>isa</key>
			<string>PBXFileReference</string>
			<key>path</key>
			<string>Pods_CharityApp.framework</string>
			<key>sourceTree</key>
			<string>BUILT_PRODUCTS_DIR</string>
		</dict>
		<key>21AD07D40204E7DBE1C20529</key>
		<dict>
			<key>buildActionMask</key>
			<string>2147483647</string>
			<key>files</key>
			<array/>
			<key>inputPaths</key>
			<array/>
			<key>isa</key>
			<string>PBXShellScriptBuildPhase</string>
			<key>name</key>
			<string>Copy Pods Resources</string>
			<key>outputPaths</key>
			<array/>
			<key>runOnlyForDeploymentPostprocessing</key>
			<string>0</string>
			<key>shellPath</key>
			<string>/bin/sh</string>
			<key>shellScript</key>
			<string>"${SRCROOT}/Pods/Target Support Files/Pods-CharityAppUITests/Pods-CharityAppUITests-resources.sh"
</string>
			<key>showEnvVarsInLog</key>
			<string>0</string>
		</dict>
		<key>2689B08E0C87D3A320E0641D</key>
		<dict>
			<key>explicitFileType</key>
			<string>wrapper.framework</string>
			<key>includeInIndex</key>
			<string>0</string>
			<key>isa</key>
			<string>PBXFileReference</string>
			<key>path</key>
			<string>Pods.framework</string>
			<key>sourceTree</key>
			<string>BUILT_PRODUCTS_DIR</string>
		</dict>
		<key>2891EF7D17662D6F8889E87D</key>
		<dict>
			<key>includeInIndex</key>
			<string>1</string>
			<key>isa</key>
			<string>PBXFileReference</string>
			<key>lastKnownFileType</key>
			<string>text.xcconfig</string>
			<key>name</key>
			<string>Pods-CharityAppTests.debug.xcconfig</string>
			<key>path</key>
			<string>Pods/Target Support Files/Pods-CharityAppTests/Pods-CharityAppTests.debug.xcconfig</string>
			<key>sourceTree</key>
			<string>&lt;group&gt;</string>
		</dict>
		<key>2D09FE7BCC49D000184FFDAA</key>
		<dict>
			<key>explicitFileType</key>
			<string>wrapper.framework</string>
			<key>includeInIndex</key>
			<string>0</string>
			<key>isa</key>
			<string>PBXFileReference</string>
			<key>path</key>
			<string>Pods_CharityAppTests.framework</string>
			<key>sourceTree</key>
			<string>BUILT_PRODUCTS_DIR</string>
		</dict>
		<key>2E97F148A22425E057A5E14B</key>
		<dict>
			<key>includeInIndex</key>
			<string>1</string>
			<key>isa</key>
			<string>PBXFileReference</string>
			<key>lastKnownFileType</key>
			<string>text.xcconfig</string>
			<key>name</key>
			<string>Pods-CharityAppUITests.debug.xcconfig</string>
			<key>path</key>
			<string>Pods/Target Support Files/Pods-CharityAppUITests/Pods-CharityAppUITests.debug.xcconfig</string>
			<key>sourceTree</key>
			<string>&lt;group&gt;</string>
		</dict>
		<key>342449B63D8725E3EC0D8179</key>
		<dict>
			<key>fileRef</key>
			<string>1F010B96AFEEBDB977778F47</string>
			<key>isa</key>
			<string>PBXBuildFile</string>
		</dict>
		<key>3F1C1FB91D0584E200AB452F</key>
		<dict>
			<key>children</key>
			<array>
				<string>3F1C1FBA1D0584F700AB452F</string>
			</array>
			<key>isa</key>
			<string>PBXGroup</string>
			<key>name</key>
			<string>DAL</string>
			<key>sourceTree</key>
			<string>&lt;group&gt;</string>
		</dict>
		<key>3F1C1FBA1D0584F700AB452F</key>
		<dict>
			<key>fileEncoding</key>
			<string>4</string>
			<key>isa</key>
			<string>PBXFileReference</string>
			<key>lastKnownFileType</key>
			<string>sourcecode.swift</string>
			<key>path</key>
			<string>ServerMethods.swift</string>
			<key>sourceTree</key>
			<string>&lt;group&gt;</string>
		</dict>
		<key>3F1C1FBB1D0584F700AB452F</key>
		<dict>
			<key>fileRef</key>
			<string>3F1C1FBA1D0584F700AB452F</string>
			<key>isa</key>
			<string>PBXBuildFile</string>
		</dict>
		<key>3F1C1FBC1D05A81600AB452F</key>
		<dict>
			<key>fileEncoding</key>
			<string>4</string>
			<key>isa</key>
			<string>PBXFileReference</string>
			<key>lastKnownFileType</key>
			<string>sourcecode.swift</string>
			<key>name</key>
			<string>SweetAlert.swift</string>
			<key>path</key>
			<string>librares/SweetAlert.swift</string>
			<key>sourceTree</key>
			<string>&lt;group&gt;</string>
		</dict>
		<key>3F1C1FBD1D05A81600AB452F</key>
		<dict>
			<key>fileRef</key>
			<string>3F1C1FBC1D05A81600AB452F</string>
			<key>isa</key>
			<string>PBXBuildFile</string>
		</dict>
		<key>3F1C1FD21D05B6A600AB452F</key>
		<dict>
			<key>fileEncoding</key>
			<string>4</string>
			<key>isa</key>
			<string>PBXFileReference</string>
			<key>lastKnownFileType</key>
			<string>sourcecode.swift</string>
			<key>path</key>
			<string>ListViewController.swift</string>
			<key>sourceTree</key>
			<string>&lt;group&gt;</string>
		</dict>
		<key>3F1C1FD31D05B6A600AB452F</key>
		<dict>
			<key>fileRef</key>
			<string>3F1C1FD21D05B6A600AB452F</string>
			<key>isa</key>
			<string>PBXBuildFile</string>
		</dict>
		<key>3F1C1FD41D05B7AA00AB452F</key>
		<dict>
			<key>fileEncoding</key>
			<string>4</string>
			<key>isa</key>
			<string>PBXFileReference</string>
			<key>lastKnownFileType</key>
			<string>sourcecode.swift</string>
			<key>path</key>
			<string>CharityTableViewCell.swift</string>
			<key>sourceTree</key>
			<string>&lt;group&gt;</string>
		</dict>
		<key>3F1C1FD51D05B7AA00AB452F</key>
		<dict>
			<key>fileRef</key>
			<string>3F1C1FD41D05B7AA00AB452F</string>
			<key>isa</key>
			<string>PBXBuildFile</string>
		</dict>
		<key>3F1C1FE01D05CEFB00AB452F</key>
		<dict>
			<key>fileEncoding</key>
			<string>4</string>
			<key>isa</key>
			<string>PBXFileReference</string>
			<key>lastKnownFileType</key>
			<string>sourcecode.swift</string>
			<key>path</key>
			<string>TestData.swift</string>
			<key>sourceTree</key>
			<string>&lt;group&gt;</string>
		</dict>
		<key>3F1C1FE11D05CEFB00AB452F</key>
		<dict>
			<key>fileRef</key>
			<string>3F1C1FE01D05CEFB00AB452F</string>
			<key>isa</key>
			<string>PBXBuildFile</string>
		</dict>
		<key>3F3221061D045F69007B4A63</key>
		<dict>
			<key>children</key>
			<array>
				<string>3F1C1FBC1D05A81600AB452F</string>
				<string>3F3221071D045F80007B4A63</string>
			</array>
			<key>isa</key>
			<string>PBXGroup</string>
			<key>name</key>
			<string>librares</string>
			<key>sourceTree</key>
			<string>&lt;group&gt;</string>
		</dict>
		<key>3F3221071D045F80007B4A63</key>
		<dict>
			<key>fileEncoding</key>
			<string>4</string>
			<key>isa</key>
			<string>PBXFileReference</string>
			<key>lastKnownFileType</key>
			<string>sourcecode.swift</string>
			<key>name</key>
			<string>AwesomeTextField.swift</string>
			<key>path</key>
			<string>librares/AwesomeTextField.swift</string>
			<key>sourceTree</key>
			<string>&lt;group&gt;</string>
		</dict>
		<key>3F3221081D045F80007B4A63</key>
		<dict>
			<key>fileRef</key>
			<string>3F3221071D045F80007B4A63</string>
			<key>isa</key>
			<string>PBXBuildFile</string>
		</dict>
		<key>3F3221091D04631A007B4A63</key>
		<dict>
			<key>children</key>
			<array>
				<string>3F32210B1D046326007B4A63</string>
			</array>
			<key>isa</key>
			<string>PBXGroup</string>
			<key>name</key>
			<string>resourses</string>
			<key>sourceTree</key>
			<string>&lt;group&gt;</string>
		</dict>
		<key>3F32210B1D046326007B4A63</key>
		<dict>
			<key>children</key>
			<array>
				<string>3F3221101D0466BA007B4A63</string>
			</array>
			<key>isa</key>
			<string>PBXGroup</string>
			<key>name</key>
			<string>fonts</string>
			<key>sourceTree</key>
			<string>&lt;group&gt;</string>
		</dict>
		<key>3F3221101D0466BA007B4A63</key>
		<dict>
			<key>children</key>
			<array>
				<string>3F3221111D0466C8007B4A63</string>
				<string>3F3221121D0466C8007B4A63</string>
				<string>3F3221131D0466C8007B4A63</string>
				<string>3F3221141D0466C8007B4A63</string>
				<string>3F3221151D0466C8007B4A63</string>
				<string>3F3221161D0466C8007B4A63</string>
				<string>3F3221171D0466C8007B4A63</string>
				<string>3F3221181D0466C8007B4A63</string>
				<string>3F3221191D0466C8007B4A63</string>
				<string>3F32211A1D0466C8007B4A63</string>
				<string>3F32211B1D0466C8007B4A63</string>
				<string>3F32211C1D0466C8007B4A63</string>
				<string>3F32211D1D0466C8007B4A63</string>
				<string>3F32211E1D0466C8007B4A63</string>
				<string>3F32211F1D0466C8007B4A63</string>
				<string>3F3221201D0466C8007B4A63</string>
				<string>3F3221211D0466C8007B4A63</string>
				<string>3F3221221D0466C8007B4A63</string>
				<string>3F3221231D0466C8007B4A63</string>
				<string>3F3221241D0466C8007B4A63</string>
				<string>3F3221251D0466C8007B4A63</string>
				<string>3F3221261D0466C8007B4A63</string>
				<string>3F3221271D0466C8007B4A63</string>
				<string>3F3221281D0466C8007B4A63</string>
				<string>3F3221291D0466C8007B4A63</string>
				<string>3F32212A1D0466C8007B4A63</string>
				<string>3F32212B1D0466C8007B4A63</string>
				<string>3F32212C1D0466C8007B4A63</string>
				<string>3F32212D1D0466C8007B4A63</string>
				<string>3F32212E1D0466C8007B4A63</string>
				<string>3F32212F1D0466C8007B4A63</string>
				<string>3F3221301D0466C8007B4A63</string>
				<string>3F3221311D0466C8007B4A63</string>
				<string>3F3221321D0466C8007B4A63</string>
				<string>3F3221331D0466C8007B4A63</string>
				<string>3F3221341D0466C8007B4A63</string>
				<string>3F3221351D0466C8007B4A63</string>
			</array>
			<key>isa</key>
			<string>PBXGroup</string>
			<key>name</key>
			<string>roboto</string>
			<key>sourceTree</key>
			<string>&lt;group&gt;</string>
		</dict>
		<key>3F3221111D0466C8007B4A63</key>
		<dict>
			<key>fileEncoding</key>
			<string>4</string>
			<key>isa</key>
			<string>PBXFileReference</string>
			<key>lastKnownFileType</key>
			<string>text.css</string>
			<key>name</key>
			<string>roboto.css</string>
			<key>path</key>
			<string>resourses/fonts/roboto/roboto.css</string>
			<key>sourceTree</key>
			<string>&lt;group&gt;</string>
		</dict>
		<key>3F3221121D0466C8007B4A63</key>
		<dict>
			<key>isa</key>
			<string>PBXFileReference</string>
			<key>lastKnownFileType</key>
			<string>file</string>
			<key>name</key>
			<string>roboto.ttf</string>
			<key>path</key>
			<string>resourses/fonts/roboto/roboto.ttf</string>
			<key>sourceTree</key>
			<string>&lt;group&gt;</string>
		</dict>
		<key>3F3221131D0466C8007B4A63</key>
		<dict>
			<key>isa</key>
			<string>PBXFileReference</string>
			<key>lastKnownFileType</key>
			<string>file</string>
			<key>name</key>
			<string>roboto.woff</string>
			<key>path</key>
			<string>resourses/fonts/roboto/roboto.woff</string>
			<key>sourceTree</key>
			<string>&lt;group&gt;</string>
		</dict>
		<key>3F3221141D0466C8007B4A63</key>
		<dict>
			<key>isa</key>
			<string>PBXFileReference</string>
			<key>lastKnownFileType</key>
			<string>file</string>
			<key>name</key>
			<string>roboto.woff2</string>
			<key>path</key>
			<string>resourses/fonts/roboto/roboto.woff2</string>
			<key>sourceTree</key>
			<string>&lt;group&gt;</string>
		</dict>
		<key>3F3221151D0466C8007B4A63</key>
		<dict>
			<key>isa</key>
			<string>PBXFileReference</string>
			<key>lastKnownFileType</key>
			<string>file</string>
			<key>name</key>
			<string>robotoblack.ttf</string>
			<key>path</key>
			<string>resourses/fonts/roboto/robotoblack.ttf</string>
			<key>sourceTree</key>
			<string>&lt;group&gt;</string>
		</dict>
		<key>3F3221161D0466C8007B4A63</key>
		<dict>
			<key>isa</key>
			<string>PBXFileReference</string>
			<key>lastKnownFileType</key>
			<string>file</string>
			<key>name</key>
			<string>robotoblack.woff</string>
			<key>path</key>
			<string>resourses/fonts/roboto/robotoblack.woff</string>
			<key>sourceTree</key>
			<string>&lt;group&gt;</string>
		</dict>
		<key>3F3221171D0466C8007B4A63</key>
		<dict>
			<key>isa</key>
			<string>PBXFileReference</string>
			<key>lastKnownFileType</key>
			<string>file</string>
			<key>name</key>
			<string>robotoblack.woff2</string>
			<key>path</key>
			<string>resourses/fonts/roboto/robotoblack.woff2</string>
			<key>sourceTree</key>
			<string>&lt;group&gt;</string>
		</dict>
		<key>3F3221181D0466C8007B4A63</key>
		<dict>
			<key>isa</key>
			<string>PBXFileReference</string>
			<key>lastKnownFileType</key>
			<string>file</string>
			<key>name</key>
			<string>robotoblackitalic.ttf</string>
			<key>path</key>
			<string>resourses/fonts/roboto/robotoblackitalic.ttf</string>
			<key>sourceTree</key>
			<string>&lt;group&gt;</string>
		</dict>
		<key>3F3221191D0466C8007B4A63</key>
		<dict>
			<key>isa</key>
			<string>PBXFileReference</string>
			<key>lastKnownFileType</key>
			<string>file</string>
			<key>name</key>
			<string>robotoblackitalic.woff</string>
			<key>path</key>
			<string>resourses/fonts/roboto/robotoblackitalic.woff</string>
			<key>sourceTree</key>
			<string>&lt;group&gt;</string>
		</dict>
		<key>3F32211A1D0466C8007B4A63</key>
		<dict>
			<key>isa</key>
			<string>PBXFileReference</string>
			<key>lastKnownFileType</key>
			<string>file</string>
			<key>name</key>
			<string>robotoblackitalic.woff2</string>
			<key>path</key>
			<string>resourses/fonts/roboto/robotoblackitalic.woff2</string>
			<key>sourceTree</key>
			<string>&lt;group&gt;</string>
		</dict>
		<key>3F32211B1D0466C8007B4A63</key>
		<dict>
			<key>isa</key>
			<string>PBXFileReference</string>
			<key>lastKnownFileType</key>
			<string>file</string>
			<key>name</key>
			<string>robotobold.ttf</string>
			<key>path</key>
			<string>resourses/fonts/roboto/robotobold.ttf</string>
			<key>sourceTree</key>
			<string>&lt;group&gt;</string>
		</dict>
		<key>3F32211C1D0466C8007B4A63</key>
		<dict>
			<key>isa</key>
			<string>PBXFileReference</string>
			<key>lastKnownFileType</key>
			<string>file</string>
			<key>name</key>
			<string>robotobold.woff</string>
			<key>path</key>
			<string>resourses/fonts/roboto/robotobold.woff</string>
			<key>sourceTree</key>
			<string>&lt;group&gt;</string>
		</dict>
		<key>3F32211D1D0466C8007B4A63</key>
		<dict>
			<key>isa</key>
			<string>PBXFileReference</string>
			<key>lastKnownFileType</key>
			<string>file</string>
			<key>name</key>
			<string>robotobold.woff2</string>
			<key>path</key>
			<string>resourses/fonts/roboto/robotobold.woff2</string>
			<key>sourceTree</key>
			<string>&lt;group&gt;</string>
		</dict>
		<key>3F32211E1D0466C8007B4A63</key>
		<dict>
			<key>isa</key>
			<string>PBXFileReference</string>
			<key>lastKnownFileType</key>
			<string>file</string>
			<key>name</key>
			<string>robotobolditalic.ttf</string>
			<key>path</key>
			<string>resourses/fonts/roboto/robotobolditalic.ttf</string>
			<key>sourceTree</key>
			<string>&lt;group&gt;</string>
		</dict>
		<key>3F32211F1D0466C8007B4A63</key>
		<dict>
			<key>isa</key>
			<string>PBXFileReference</string>
			<key>lastKnownFileType</key>
			<string>file</string>
			<key>name</key>
			<string>robotobolditalic.woff</string>
			<key>path</key>
			<string>resourses/fonts/roboto/robotobolditalic.woff</string>
			<key>sourceTree</key>
			<string>&lt;group&gt;</string>
		</dict>
		<key>3F3221201D0466C8007B4A63</key>
		<dict>
			<key>isa</key>
			<string>PBXFileReference</string>
			<key>lastKnownFileType</key>
			<string>file</string>
			<key>name</key>
			<string>robotobolditalic.woff2</string>
			<key>path</key>
			<string>resourses/fonts/roboto/robotobolditalic.woff2</string>
			<key>sourceTree</key>
			<string>&lt;group&gt;</string>
		</dict>
		<key>3F3221211D0466C8007B4A63</key>
		<dict>
			<key>isa</key>
			<string>PBXFileReference</string>
			<key>lastKnownFileType</key>
			<string>file</string>
			<key>name</key>
			<string>robotoitalic.ttf</string>
			<key>path</key>
			<string>resourses/fonts/roboto/robotoitalic.ttf</string>
			<key>sourceTree</key>
			<string>&lt;group&gt;</string>
		</dict>
		<key>3F3221221D0466C8007B4A63</key>
		<dict>
			<key>isa</key>
			<string>PBXFileReference</string>
			<key>lastKnownFileType</key>
			<string>file</string>
			<key>name</key>
			<string>robotoitalic.woff</string>
			<key>path</key>
			<string>resourses/fonts/roboto/robotoitalic.woff</string>
			<key>sourceTree</key>
			<string>&lt;group&gt;</string>
		</dict>
		<key>3F3221231D0466C8007B4A63</key>
		<dict>
			<key>isa</key>
			<string>PBXFileReference</string>
			<key>lastKnownFileType</key>
			<string>file</string>
			<key>name</key>
			<string>robotoitalic.woff2</string>
			<key>path</key>
			<string>resourses/fonts/roboto/robotoitalic.woff2</string>
			<key>sourceTree</key>
			<string>&lt;group&gt;</string>
		</dict>
		<key>3F3221241D0466C8007B4A63</key>
		<dict>
			<key>isa</key>
			<string>PBXFileReference</string>
			<key>lastKnownFileType</key>
			<string>file</string>
			<key>name</key>
			<string>robotolight.ttf</string>
			<key>path</key>
			<string>resourses/fonts/roboto/robotolight.ttf</string>
			<key>sourceTree</key>
			<string>&lt;group&gt;</string>
		</dict>
		<key>3F3221251D0466C8007B4A63</key>
		<dict>
			<key>isa</key>
			<string>PBXFileReference</string>
			<key>lastKnownFileType</key>
			<string>file</string>
			<key>name</key>
			<string>robotolight.woff</string>
			<key>path</key>
			<string>resourses/fonts/roboto/robotolight.woff</string>
			<key>sourceTree</key>
			<string>&lt;group&gt;</string>
		</dict>
		<key>3F3221261D0466C8007B4A63</key>
		<dict>
			<key>isa</key>
			<string>PBXFileReference</string>
			<key>lastKnownFileType</key>
			<string>file</string>
			<key>name</key>
			<string>robotolight.woff2</string>
			<key>path</key>
			<string>resourses/fonts/roboto/robotolight.woff2</string>
			<key>sourceTree</key>
			<string>&lt;group&gt;</string>
		</dict>
		<key>3F3221271D0466C8007B4A63</key>
		<dict>
			<key>isa</key>
			<string>PBXFileReference</string>
			<key>lastKnownFileType</key>
			<string>file</string>
			<key>name</key>
			<string>robotolightitalic.ttf</string>
			<key>path</key>
			<string>resourses/fonts/roboto/robotolightitalic.ttf</string>
			<key>sourceTree</key>
			<string>&lt;group&gt;</string>
		</dict>
		<key>3F3221281D0466C8007B4A63</key>
		<dict>
			<key>isa</key>
			<string>PBXFileReference</string>
			<key>lastKnownFileType</key>
			<string>file</string>
			<key>name</key>
			<string>robotolightitalic.woff</string>
			<key>path</key>
			<string>resourses/fonts/roboto/robotolightitalic.woff</string>
			<key>sourceTree</key>
			<string>&lt;group&gt;</string>
		</dict>
		<key>3F3221291D0466C8007B4A63</key>
		<dict>
			<key>isa</key>
			<string>PBXFileReference</string>
			<key>lastKnownFileType</key>
			<string>file</string>
			<key>name</key>
			<string>robotolightitalic.woff2</string>
			<key>path</key>
			<string>resourses/fonts/roboto/robotolightitalic.woff2</string>
			<key>sourceTree</key>
			<string>&lt;group&gt;</string>
		</dict>
		<key>3F32212A1D0466C8007B4A63</key>
		<dict>
			<key>isa</key>
			<string>PBXFileReference</string>
			<key>lastKnownFileType</key>
			<string>file</string>
			<key>name</key>
			<string>robotomedium.ttf</string>
			<key>path</key>
			<string>resourses/fonts/roboto/robotomedium.ttf</string>
			<key>sourceTree</key>
			<string>&lt;group&gt;</string>
		</dict>
		<key>3F32212B1D0466C8007B4A63</key>
		<dict>
			<key>isa</key>
			<string>PBXFileReference</string>
			<key>lastKnownFileType</key>
			<string>file</string>
			<key>name</key>
			<string>robotomedium.woff</string>
			<key>path</key>
			<string>resourses/fonts/roboto/robotomedium.woff</string>
			<key>sourceTree</key>
			<string>&lt;group&gt;</string>
		</dict>
		<key>3F32212C1D0466C8007B4A63</key>
		<dict>
			<key>isa</key>
			<string>PBXFileReference</string>
			<key>lastKnownFileType</key>
			<string>file</string>
			<key>name</key>
			<string>robotomedium.woff2</string>
			<key>path</key>
			<string>resourses/fonts/roboto/robotomedium.woff2</string>
			<key>sourceTree</key>
			<string>&lt;group&gt;</string>
		</dict>
		<key>3F32212D1D0466C8007B4A63</key>
		<dict>
			<key>isa</key>
			<string>PBXFileReference</string>
			<key>lastKnownFileType</key>
			<string>file</string>
			<key>name</key>
			<string>robotomediumitalic.ttf</string>
			<key>path</key>
			<string>resourses/fonts/roboto/robotomediumitalic.ttf</string>
			<key>sourceTree</key>
			<string>&lt;group&gt;</string>
		</dict>
		<key>3F32212E1D0466C8007B4A63</key>
		<dict>
			<key>isa</key>
			<string>PBXFileReference</string>
			<key>lastKnownFileType</key>
			<string>file</string>
			<key>name</key>
			<string>robotomediumitalic.woff</string>
			<key>path</key>
			<string>resourses/fonts/roboto/robotomediumitalic.woff</string>
			<key>sourceTree</key>
			<string>&lt;group&gt;</string>
		</dict>
		<key>3F32212F1D0466C8007B4A63</key>
		<dict>
			<key>isa</key>
			<string>PBXFileReference</string>
			<key>lastKnownFileType</key>
			<string>file</string>
			<key>name</key>
			<string>robotomediumitalic.woff2</string>
			<key>path</key>
			<string>resourses/fonts/roboto/robotomediumitalic.woff2</string>
			<key>sourceTree</key>
			<string>&lt;group&gt;</string>
		</dict>
		<key>3F3221301D0466C8007B4A63</key>
		<dict>
			<key>isa</key>
			<string>PBXFileReference</string>
			<key>lastKnownFileType</key>
			<string>file</string>
			<key>name</key>
			<string>robotothin.ttf</string>
			<key>path</key>
			<string>resourses/fonts/roboto/robotothin.ttf</string>
			<key>sourceTree</key>
			<string>&lt;group&gt;</string>
		</dict>
		<key>3F3221311D0466C8007B4A63</key>
		<dict>
			<key>isa</key>
			<string>PBXFileReference</string>
			<key>lastKnownFileType</key>
			<string>file</string>
			<key>name</key>
			<string>robotothin.woff</string>
			<key>path</key>
			<string>resourses/fonts/roboto/robotothin.woff</string>
			<key>sourceTree</key>
			<string>&lt;group&gt;</string>
		</dict>
		<key>3F3221321D0466C8007B4A63</key>
		<dict>
			<key>isa</key>
			<string>PBXFileReference</string>
			<key>lastKnownFileType</key>
			<string>file</string>
			<key>name</key>
			<string>robotothin.woff2</string>
			<key>path</key>
			<string>resourses/fonts/roboto/robotothin.woff2</string>
			<key>sourceTree</key>
			<string>&lt;group&gt;</string>
		</dict>
		<key>3F3221331D0466C8007B4A63</key>
		<dict>
			<key>isa</key>
			<string>PBXFileReference</string>
			<key>lastKnownFileType</key>
			<string>file</string>
			<key>name</key>
			<string>robotothinitalic.ttf</string>
			<key>path</key>
			<string>resourses/fonts/roboto/robotothinitalic.ttf</string>
			<key>sourceTree</key>
			<string>&lt;group&gt;</string>
		</dict>
		<key>3F3221341D0466C8007B4A63</key>
		<dict>
			<key>isa</key>
			<string>PBXFileReference</string>
			<key>lastKnownFileType</key>
			<string>file</string>
			<key>name</key>
			<string>robotothinitalic.woff</string>
			<key>path</key>
			<string>resourses/fonts/roboto/robotothinitalic.woff</string>
			<key>sourceTree</key>
			<string>&lt;group&gt;</string>
		</dict>
		<key>3F3221351D0466C8007B4A63</key>
		<dict>
			<key>isa</key>
			<string>PBXFileReference</string>
			<key>lastKnownFileType</key>
			<string>file</string>
			<key>name</key>
			<string>robotothinitalic.woff2</string>
			<key>path</key>
			<string>resourses/fonts/roboto/robotothinitalic.woff2</string>
			<key>sourceTree</key>
			<string>&lt;group&gt;</string>
		</dict>
		<key>3F3221361D0466C8007B4A63</key>
		<dict>
			<key>fileRef</key>
			<string>3F3221111D0466C8007B4A63</string>
			<key>isa</key>
			<string>PBXBuildFile</string>
		</dict>
		<key>3F3221371D0466C8007B4A63</key>
		<dict>
			<key>fileRef</key>
			<string>3F3221121D0466C8007B4A63</string>
			<key>isa</key>
			<string>PBXBuildFile</string>
		</dict>
		<key>3F3221381D0466C8007B4A63</key>
		<dict>
			<key>fileRef</key>
			<string>3F3221131D0466C8007B4A63</string>
			<key>isa</key>
			<string>PBXBuildFile</string>
		</dict>
		<key>3F3221391D0466C8007B4A63</key>
		<dict>
			<key>fileRef</key>
			<string>3F3221141D0466C8007B4A63</string>
			<key>isa</key>
			<string>PBXBuildFile</string>
		</dict>
		<key>3F32213A1D0466C8007B4A63</key>
		<dict>
			<key>fileRef</key>
			<string>3F3221151D0466C8007B4A63</string>
			<key>isa</key>
			<string>PBXBuildFile</string>
		</dict>
		<key>3F32213B1D0466C8007B4A63</key>
		<dict>
			<key>fileRef</key>
			<string>3F3221161D0466C8007B4A63</string>
			<key>isa</key>
			<string>PBXBuildFile</string>
		</dict>
		<key>3F32213C1D0466C8007B4A63</key>
		<dict>
			<key>fileRef</key>
			<string>3F3221171D0466C8007B4A63</string>
			<key>isa</key>
			<string>PBXBuildFile</string>
		</dict>
		<key>3F32213D1D0466C8007B4A63</key>
		<dict>
			<key>fileRef</key>
			<string>3F3221181D0466C8007B4A63</string>
			<key>isa</key>
			<string>PBXBuildFile</string>
		</dict>
		<key>3F32213E1D0466C8007B4A63</key>
		<dict>
			<key>fileRef</key>
			<string>3F3221191D0466C8007B4A63</string>
			<key>isa</key>
			<string>PBXBuildFile</string>
		</dict>
		<key>3F32213F1D0466C8007B4A63</key>
		<dict>
			<key>fileRef</key>
			<string>3F32211A1D0466C8007B4A63</string>
			<key>isa</key>
			<string>PBXBuildFile</string>
		</dict>
		<key>3F3221401D0466C8007B4A63</key>
		<dict>
			<key>fileRef</key>
			<string>3F32211B1D0466C8007B4A63</string>
			<key>isa</key>
			<string>PBXBuildFile</string>
		</dict>
		<key>3F3221411D0466C8007B4A63</key>
		<dict>
			<key>fileRef</key>
			<string>3F32211C1D0466C8007B4A63</string>
			<key>isa</key>
			<string>PBXBuildFile</string>
		</dict>
		<key>3F3221421D0466C8007B4A63</key>
		<dict>
			<key>fileRef</key>
			<string>3F32211D1D0466C8007B4A63</string>
			<key>isa</key>
			<string>PBXBuildFile</string>
		</dict>
		<key>3F3221431D0466C8007B4A63</key>
		<dict>
			<key>fileRef</key>
			<string>3F32211E1D0466C8007B4A63</string>
			<key>isa</key>
			<string>PBXBuildFile</string>
		</dict>
		<key>3F3221441D0466C8007B4A63</key>
		<dict>
			<key>fileRef</key>
			<string>3F32211F1D0466C8007B4A63</string>
			<key>isa</key>
			<string>PBXBuildFile</string>
		</dict>
		<key>3F3221451D0466C8007B4A63</key>
		<dict>
			<key>fileRef</key>
			<string>3F3221201D0466C8007B4A63</string>
			<key>isa</key>
			<string>PBXBuildFile</string>
		</dict>
		<key>3F3221461D0466C8007B4A63</key>
		<dict>
			<key>fileRef</key>
			<string>3F3221211D0466C8007B4A63</string>
			<key>isa</key>
			<string>PBXBuildFile</string>
		</dict>
		<key>3F3221471D0466C8007B4A63</key>
		<dict>
			<key>fileRef</key>
			<string>3F3221221D0466C8007B4A63</string>
			<key>isa</key>
			<string>PBXBuildFile</string>
		</dict>
		<key>3F3221481D0466C8007B4A63</key>
		<dict>
			<key>fileRef</key>
			<string>3F3221231D0466C8007B4A63</string>
			<key>isa</key>
			<string>PBXBuildFile</string>
		</dict>
		<key>3F3221491D0466C8007B4A63</key>
		<dict>
			<key>fileRef</key>
			<string>3F3221241D0466C8007B4A63</string>
			<key>isa</key>
			<string>PBXBuildFile</string>
		</dict>
		<key>3F32214A1D0466C8007B4A63</key>
		<dict>
			<key>fileRef</key>
			<string>3F3221251D0466C8007B4A63</string>
			<key>isa</key>
			<string>PBXBuildFile</string>
		</dict>
		<key>3F32214B1D0466C8007B4A63</key>
		<dict>
			<key>fileRef</key>
			<string>3F3221261D0466C8007B4A63</string>
			<key>isa</key>
			<string>PBXBuildFile</string>
		</dict>
		<key>3F32214C1D0466C8007B4A63</key>
		<dict>
			<key>fileRef</key>
			<string>3F3221271D0466C8007B4A63</string>
			<key>isa</key>
			<string>PBXBuildFile</string>
		</dict>
		<key>3F32214D1D0466C8007B4A63</key>
		<dict>
			<key>fileRef</key>
			<string>3F3221281D0466C8007B4A63</string>
			<key>isa</key>
			<string>PBXBuildFile</string>
		</dict>
		<key>3F32214E1D0466C8007B4A63</key>
		<dict>
			<key>fileRef</key>
			<string>3F3221291D0466C8007B4A63</string>
			<key>isa</key>
			<string>PBXBuildFile</string>
		</dict>
		<key>3F32214F1D0466C8007B4A63</key>
		<dict>
			<key>fileRef</key>
			<string>3F32212A1D0466C8007B4A63</string>
			<key>isa</key>
			<string>PBXBuildFile</string>
		</dict>
		<key>3F3221501D0466C8007B4A63</key>
		<dict>
			<key>fileRef</key>
			<string>3F32212B1D0466C8007B4A63</string>
			<key>isa</key>
			<string>PBXBuildFile</string>
		</dict>
		<key>3F3221511D0466C8007B4A63</key>
		<dict>
			<key>fileRef</key>
			<string>3F32212C1D0466C8007B4A63</string>
			<key>isa</key>
			<string>PBXBuildFile</string>
		</dict>
		<key>3F3221521D0466C8007B4A63</key>
		<dict>
			<key>fileRef</key>
			<string>3F32212D1D0466C8007B4A63</string>
			<key>isa</key>
			<string>PBXBuildFile</string>
		</dict>
		<key>3F3221531D0466C8007B4A63</key>
		<dict>
			<key>fileRef</key>
			<string>3F32212E1D0466C8007B4A63</string>
			<key>isa</key>
			<string>PBXBuildFile</string>
		</dict>
		<key>3F3221541D0466C8007B4A63</key>
		<dict>
			<key>fileRef</key>
			<string>3F32212F1D0466C8007B4A63</string>
			<key>isa</key>
			<string>PBXBuildFile</string>
		</dict>
		<key>3F3221551D0466C8007B4A63</key>
		<dict>
			<key>fileRef</key>
			<string>3F3221301D0466C8007B4A63</string>
			<key>isa</key>
			<string>PBXBuildFile</string>
		</dict>
		<key>3F3221561D0466C8007B4A63</key>
		<dict>
			<key>fileRef</key>
			<string>3F3221311D0466C8007B4A63</string>
			<key>isa</key>
			<string>PBXBuildFile</string>
		</dict>
		<key>3F3221571D0466C8007B4A63</key>
		<dict>
			<key>fileRef</key>
			<string>3F3221321D0466C8007B4A63</string>
			<key>isa</key>
			<string>PBXBuildFile</string>
		</dict>
		<key>3F3221581D0466C8007B4A63</key>
		<dict>
			<key>fileRef</key>
			<string>3F3221331D0466C8007B4A63</string>
			<key>isa</key>
			<string>PBXBuildFile</string>
		</dict>
		<key>3F3221591D0466C8007B4A63</key>
		<dict>
			<key>fileRef</key>
			<string>3F3221341D0466C8007B4A63</string>
			<key>isa</key>
			<string>PBXBuildFile</string>
		</dict>
		<key>3F32215A1D0466C8007B4A63</key>
		<dict>
			<key>fileRef</key>
			<string>3F3221351D0466C8007B4A63</string>
			<key>isa</key>
			<string>PBXBuildFile</string>
		</dict>
		<key>3F5144F71D0357F40038AB05</key>
		<dict>
			<key>children</key>
			<array>
				<string>3F5145021D0357F40038AB05</string>
				<string>3F5145171D0357F40038AB05</string>
				<string>3F5145221D0357F40038AB05</string>
				<string>3F5145011D0357F40038AB05</string>
				<string>B1C40D108ECF4B45DD1A1F14</string>
				<string>51D96B140A3D71AB8C16ECEA</string>
			</array>
			<key>isa</key>
			<string>PBXGroup</string>
			<key>sourceTree</key>
			<string>&lt;group&gt;</string>
		</dict>
		<key>3F5144F81D0357F40038AB05</key>
		<dict>
			<key>attributes</key>
			<dict>
				<key>LastSwiftUpdateCheck</key>
				<string>0730</string>
				<key>LastUpgradeCheck</key>
				<string>0730</string>
				<key>ORGANIZATIONNAME</key>
				<string>&#1042;&#1080;&#1090;&#1072;&#1083;&#1080;&#1081; &#1042;&#1086;&#1083;&#1082;&#1086;&#1074;</string>
				<key>TargetAttributes</key>
				<dict>
					<key>3F5144FF1D0357F40038AB05</key>
					<dict>
						<key>CreatedOnToolsVersion</key>
						<string>7.3.1</string>
					</dict>
					<key>3F5145131D0357F40038AB05</key>
					<dict>
						<key>CreatedOnToolsVersion</key>
						<string>7.3.1</string>
						<key>TestTargetID</key>
						<string>3F5144FF1D0357F40038AB05</string>
					</dict>
					<key>3F51451E1D0357F40038AB05</key>
					<dict>
						<key>CreatedOnToolsVersion</key>
						<string>7.3.1</string>
						<key>TestTargetID</key>
						<string>3F5144FF1D0357F40038AB05</string>
					</dict>
				</dict>
			</dict>
			<key>buildConfigurationList</key>
			<string>3F5144FB1D0357F40038AB05</string>
			<key>compatibilityVersion</key>
			<string>Xcode 3.2</string>
			<key>developmentRegion</key>
			<string>English</string>
			<key>hasScannedForEncodings</key>
			<string>0</string>
			<key>isa</key>
			<string>PBXProject</string>
			<key>knownRegions</key>
			<array>
				<string>en</string>
				<string>Base</string>
			</array>
			<key>mainGroup</key>
			<string>3F5144F71D0357F40038AB05</string>
			<key>productRefGroup</key>
			<string>3F5145011D0357F40038AB05</string>
			<key>projectDirPath</key>
			<string></string>
			<key>projectReferences</key>
			<array/>
			<key>projectRoot</key>
			<string></string>
			<key>targets</key>
			<array>
				<string>3F5144FF1D0357F40038AB05</string>
				<string>3F5145131D0357F40038AB05</string>
				<string>3F51451E1D0357F40038AB05</string>
			</array>
		</dict>
		<key>3F5144FB1D0357F40038AB05</key>
		<dict>
			<key>buildConfigurations</key>
			<array>
				<string>3F5145261D0357F40038AB05</string>
				<string>3F5145271D0357F40038AB05</string>
			</array>
			<key>defaultConfigurationIsVisible</key>
			<string>0</string>
			<key>defaultConfigurationName</key>
			<string>Release</string>
			<key>isa</key>
			<string>XCConfigurationList</string>
		</dict>
		<key>3F5144FC1D0357F40038AB05</key>
		<dict>
			<key>buildActionMask</key>
			<string>2147483647</string>
			<key>files</key>
			<array>
				<string>3F5145061D0357F40038AB05</string>
				<string>3F1C1FBD1D05A81600AB452F</string>
				<string>3F1C1FD31D05B6A600AB452F</string>
				<string>3F1C1FE11D05CEFB00AB452F</string>
				<string>3F1C1FBB1D0584F700AB452F</string>
				<string>3F1C1FD51D05B7AA00AB452F</string>
				<string>3F3221081D045F80007B4A63</string>
				<string>3F5145041D0357F40038AB05</string>
			</array>
			<key>isa</key>
			<string>PBXSourcesBuildPhase</string>
			<key>runOnlyForDeploymentPostprocessing</key>
			<string>0</string>
		</dict>
		<key>3F5144FD1D0357F40038AB05</key>
		<dict>
			<key>buildActionMask</key>
			<string>2147483647</string>
			<key>files</key>
			<array>
				<string>342449B63D8725E3EC0D8179</string>
				<string>4EFA6FE5142C59AFD808E19B</string>
			</array>
			<key>isa</key>
			<string>PBXFrameworksBuildPhase</string>
			<key>runOnlyForDeploymentPostprocessing</key>
			<string>0</string>
		</dict>
		<key>3F5144FE1D0357F40038AB05</key>
		<dict>
			<key>buildActionMask</key>
			<string>2147483647</string>
			<key>files</key>
			<array>
				<string>3F3221401D0466C8007B4A63</string>
				<string>3F3221561D0466C8007B4A63</string>
				<string>3F3221381D0466C8007B4A63</string>
				<string>3F32214E1D0466C8007B4A63</string>
				<string>3F3221421D0466C8007B4A63</string>
				<string>3F32213F1D0466C8007B4A63</string>
				<string>3F3221541D0466C8007B4A63</string>
				<string>3F3221551D0466C8007B4A63</string>
				<string>3F32213E1D0466C8007B4A63</string>
				<string>3F3221501D0466C8007B4A63</string>
				<string>3F32214A1D0466C8007B4A63</string>
				<string>3F3221461D0466C8007B4A63</string>
				<string>3F3221361D0466C8007B4A63</string>
				<string>3F3221411D0466C8007B4A63</string>
				<string>3F32214F1D0466C8007B4A63</string>
				<string>3F3221441D0466C8007B4A63</string>
				<string>3F51450E1D0357F40038AB05</string>
				<string>3F32214B1D0466C8007B4A63</string>
				<string>3F3221431D0466C8007B4A63</string>
				<string>3F32213C1D0466C8007B4A63</string>
				<string>3F3221581D0466C8007B4A63</string>
				<string>3F32214C1D0466C8007B4A63</string>
				<string>3F51450B1D0357F40038AB05</string>
				<string>3F3221471D0466C8007B4A63</string>
				<string>3F3221371D0466C8007B4A63</string>
				<string>3F32213B1D0466C8007B4A63</string>
				<string>3F3221491D0466C8007B4A63</string>
				<string>3F3221511D0466C8007B4A63</string>
				<string>3F3221521D0466C8007B4A63</string>
				<string>3F32214D1D0466C8007B4A63</string>
				<string>3F3221571D0466C8007B4A63</string>
				<string>3F5145091D0357F40038AB05</string>
				<string>3F3221591D0466C8007B4A63</string>
				<string>3F3221391D0466C8007B4A63</string>
				<string>3F32213D1D0466C8007B4A63</string>
				<string>3F3221531D0466C8007B4A63</string>
				<string>3F32215A1D0466C8007B4A63</string>
				<string>3F32213A1D0466C8007B4A63</string>
				<string>3F3221451D0466C8007B4A63</string>
				<string>3F3221481D0466C8007B4A63</string>
			</array>
			<key>isa</key>
			<string>PBXResourcesBuildPhase</string>
			<key>runOnlyForDeploymentPostprocessing</key>
			<string>0</string>
		</dict>
		<key>3F5144FF1D0357F40038AB05</key>
		<dict>
			<key>buildConfigurationList</key>
			<string>3F5145281D0357F40038AB05</string>
			<key>buildPhases</key>
			<array>
				<string>9C5F78709A7721545369CDD0</string>
				<string>3F5144FC1D0357F40038AB05</string>
				<string>3F5144FD1D0357F40038AB05</string>
				<string>3F5144FE1D0357F40038AB05</string>
				<string>14EBB475CFDBDAD258467F50</string>
				<string>E929E1833C9712CE5969C7C5</string>
			</array>
			<key>buildRules</key>
			<array/>
			<key>dependencies</key>
			<array/>
			<key>isa</key>
			<string>PBXNativeTarget</string>
			<key>name</key>
			<string>CharityApp</string>
			<key>productName</key>
			<string>CharityApp</string>
			<key>productReference</key>
			<string>3F5145001D0357F40038AB05</string>
			<key>productType</key>
			<string>com.apple.product-type.application</string>
		</dict>
		<key>3F5145001D0357F40038AB05</key>
		<dict>
			<key>explicitFileType</key>
			<string>wrapper.application</string>
			<key>includeInIndex</key>
			<string>0</string>
			<key>isa</key>
			<string>PBXFileReference</string>
			<key>path</key>
			<string>CharityApp.app</string>
			<key>sourceTree</key>
			<string>BUILT_PRODUCTS_DIR</string>
		</dict>
		<key>3F5145011D0357F40038AB05</key>
		<dict>
			<key>children</key>
			<array>
				<string>3F5145001D0357F40038AB05</string>
				<string>3F5145141D0357F40038AB05</string>
				<string>3F51451F1D0357F40038AB05</string>
			</array>
			<key>isa</key>
			<string>PBXGroup</string>
			<key>name</key>
			<string>Products</string>
			<key>sourceTree</key>
			<string>&lt;group&gt;</string>
		</dict>
		<key>3F5145021D0357F40038AB05</key>
		<dict>
			<key>children</key>
			<array>
				<string>3F1C1FB91D0584E200AB452F</string>
				<string>3F3221091D04631A007B4A63</string>
				<string>3F3221061D045F69007B4A63</string>
				<string>3F5145031D0357F40038AB05</string>
				<string>3F5145051D0357F40038AB05</string>
				<string>3F5145071D0357F40038AB05</string>
				<string>3F51450A1D0357F40038AB05</string>
				<string>3F51450C1D0357F40038AB05</string>
				<string>3F51450F1D0357F40038AB05</string>
				<string>3F1C1FD21D05B6A600AB452F</string>
				<string>3F1C1FD41D05B7AA00AB452F</string>
				<string>3F1C1FE01D05CEFB00AB452F</string>
				<string>3F7525BB1D06257000486769</string>
			</array>
			<key>isa</key>
			<string>PBXGroup</string>
			<key>path</key>
			<string>CharityApp</string>
			<key>sourceTree</key>
			<string>&lt;group&gt;</string>
		</dict>
		<key>3F5145031D0357F40038AB05</key>
		<dict>
			<key>isa</key>
			<string>PBXFileReference</string>
			<key>lastKnownFileType</key>
			<string>sourcecode.swift</string>
			<key>path</key>
			<string>AppDelegate.swift</string>
			<key>sourceTree</key>
			<string>&lt;group&gt;</string>
		</dict>
		<key>3F5145041D0357F40038AB05</key>
		<dict>
			<key>fileRef</key>
			<string>3F5145031D0357F40038AB05</string>
			<key>isa</key>
			<string>PBXBuildFile</string>
		</dict>
		<key>3F5145051D0357F40038AB05</key>
		<dict>
			<key>isa</key>
			<string>PBXFileReference</string>
			<key>lastKnownFileType</key>
			<string>sourcecode.swift</string>
			<key>path</key>
			<string>ViewController.swift</string>
			<key>sourceTree</key>
			<string>&lt;group&gt;</string>
		</dict>
		<key>3F5145061D0357F40038AB05</key>
		<dict>
			<key>fileRef</key>
			<string>3F5145051D0357F40038AB05</string>
			<key>isa</key>
			<string>PBXBuildFile</string>
		</dict>
		<key>3F5145071D0357F40038AB05</key>
		<dict>
			<key>children</key>
			<array>
				<string>3F5145081D0357F40038AB05</string>
			</array>
			<key>isa</key>
			<string>PBXVariantGroup</string>
			<key>name</key>
			<string>Main.storyboard</string>
			<key>sourceTree</key>
			<string>&lt;group&gt;</string>
		</dict>
		<key>3F5145081D0357F40038AB05</key>
		<dict>
			<key>isa</key>
			<string>PBXFileReference</string>
			<key>lastKnownFileType</key>
			<string>file.storyboard</string>
			<key>name</key>
			<string>Base</string>
			<key>path</key>
			<string>Base.lproj/Main.storyboard</string>
			<key>sourceTree</key>
			<string>&lt;group&gt;</string>
		</dict>
		<key>3F5145091D0357F40038AB05</key>
		<dict>
			<key>fileRef</key>
			<string>3F5145071D0357F40038AB05</string>
			<key>isa</key>
			<string>PBXBuildFile</string>
		</dict>
		<key>3F51450A1D0357F40038AB05</key>
		<dict>
			<key>isa</key>
			<string>PBXFileReference</string>
			<key>lastKnownFileType</key>
			<string>folder.assetcatalog</string>
			<key>path</key>
			<string>Assets.xcassets</string>
			<key>sourceTree</key>
			<string>&lt;group&gt;</string>
		</dict>
		<key>3F51450B1D0357F40038AB05</key>
		<dict>
			<key>fileRef</key>
			<string>3F51450A1D0357F40038AB05</string>
			<key>isa</key>
			<string>PBXBuildFile</string>
		</dict>
		<key>3F51450C1D0357F40038AB05</key>
		<dict>
			<key>children</key>
			<array>
				<string>3F51450D1D0357F40038AB05</string>
			</array>
			<key>isa</key>
			<string>PBXVariantGroup</string>
			<key>name</key>
			<string>LaunchScreen.storyboard</string>
			<key>sourceTree</key>
			<string>&lt;group&gt;</string>
		</dict>
		<key>3F51450D1D0357F40038AB05</key>
		<dict>
			<key>isa</key>
			<string>PBXFileReference</string>
			<key>lastKnownFileType</key>
			<string>file.storyboard</string>
			<key>name</key>
			<string>Base</string>
			<key>path</key>
			<string>Base.lproj/LaunchScreen.storyboard</string>
			<key>sourceTree</key>
			<string>&lt;group&gt;</string>
		</dict>
		<key>3F51450E1D0357F40038AB05</key>
		<dict>
			<key>fileRef</key>
			<string>3F51450C1D0357F40038AB05</string>
			<key>isa</key>
			<string>PBXBuildFile</string>
		</dict>
		<key>3F51450F1D0357F40038AB05</key>
		<dict>
			<key>isa</key>
			<string>PBXFileReference</string>
			<key>lastKnownFileType</key>
			<string>text.plist.xml</string>
			<key>path</key>
			<string>Info.plist</string>
			<key>sourceTree</key>
			<string>&lt;group&gt;</string>
		</dict>
		<key>3F5145101D0357F40038AB05</key>
		<dict>
			<key>buildActionMask</key>
			<string>2147483647</string>
			<key>files</key>
			<array>
				<string>3F5145191D0357F40038AB05</string>
			</array>
			<key>isa</key>
			<string>PBXSourcesBuildPhase</string>
			<key>runOnlyForDeploymentPostprocessing</key>
			<string>0</string>
		</dict>
		<key>3F5145111D0357F40038AB05</key>
		<dict>
			<key>buildActionMask</key>
			<string>2147483647</string>
			<key>files</key>
			<array>
				<string>751AFB47A21045E411A3F8FB</string>
			</array>
			<key>isa</key>
			<string>PBXFrameworksBuildPhase</string>
			<key>runOnlyForDeploymentPostprocessing</key>
			<string>0</string>
		</dict>
		<key>3F5145121D0357F40038AB05</key>
		<dict>
			<key>buildActionMask</key>
			<string>2147483647</string>
			<key>files</key>
			<array/>
			<key>isa</key>
			<string>PBXResourcesBuildPhase</string>
			<key>runOnlyForDeploymentPostprocessing</key>
			<string>0</string>
		</dict>
		<key>3F5145131D0357F40038AB05</key>
		<dict>
			<key>buildConfigurationList</key>
			<string>3F51452B1D0357F40038AB05</string>
			<key>buildPhases</key>
			<array>
				<string>47078082194E254E186AE48B</string>
				<string>3F5145101D0357F40038AB05</string>
				<string>3F5145111D0357F40038AB05</string>
				<string>3F5145121D0357F40038AB05</string>
				<string>EC10B3D289752BAE944A382A</string>
				<string>F055D78CF0D7DBD9A0AF59DA</string>
			</array>
			<key>buildRules</key>
			<array/>
			<key>dependencies</key>
			<array>
				<string>3F5145161D0357F40038AB05</string>
			</array>
			<key>isa</key>
			<string>PBXNativeTarget</string>
			<key>name</key>
			<string>CharityAppTests</string>
			<key>productName</key>
			<string>CharityAppTests</string>
			<key>productReference</key>
			<string>3F5145141D0357F40038AB05</string>
			<key>productType</key>
			<string>com.apple.product-type.bundle.unit-test</string>
		</dict>
		<key>3F5145141D0357F40038AB05</key>
		<dict>
			<key>explicitFileType</key>
			<string>wrapper.cfbundle</string>
			<key>includeInIndex</key>
			<string>0</string>
			<key>isa</key>
			<string>PBXFileReference</string>
			<key>path</key>
			<string>CharityAppTests.xctest</string>
			<key>sourceTree</key>
			<string>BUILT_PRODUCTS_DIR</string>
		</dict>
		<key>3F5145151D0357F40038AB05</key>
		<dict>
			<key>containerPortal</key>
			<string>3F5144F81D0357F40038AB05</string>
			<key>isa</key>
			<string>PBXContainerItemProxy</string>
			<key>proxyType</key>
			<string>1</string>
			<key>remoteGlobalIDString</key>
			<string>3F5144FF1D0357F40038AB05</string>
			<key>remoteInfo</key>
			<string>CharityApp</string>
		</dict>
		<key>3F5145161D0357F40038AB05</key>
		<dict>
			<key>isa</key>
			<string>PBXTargetDependency</string>
			<key>target</key>
			<string>3F5144FF1D0357F40038AB05</string>
			<key>targetProxy</key>
			<string>3F5145151D0357F40038AB05</string>
		</dict>
		<key>3F5145171D0357F40038AB05</key>
		<dict>
			<key>children</key>
			<array>
				<string>3F5145181D0357F40038AB05</string>
				<string>3F51451A1D0357F40038AB05</string>
			</array>
			<key>isa</key>
			<string>PBXGroup</string>
			<key>path</key>
			<string>CharityAppTests</string>
			<key>sourceTree</key>
			<string>&lt;group&gt;</string>
		</dict>
		<key>3F5145181D0357F40038AB05</key>
		<dict>
			<key>isa</key>
			<string>PBXFileReference</string>
			<key>lastKnownFileType</key>
			<string>sourcecode.swift</string>
			<key>path</key>
			<string>CharityAppTests.swift</string>
			<key>sourceTree</key>
			<string>&lt;group&gt;</string>
		</dict>
		<key>3F5145191D0357F40038AB05</key>
		<dict>
			<key>fileRef</key>
			<string>3F5145181D0357F40038AB05</string>
			<key>isa</key>
			<string>PBXBuildFile</string>
		</dict>
		<key>3F51451A1D0357F40038AB05</key>
		<dict>
			<key>isa</key>
			<string>PBXFileReference</string>
			<key>lastKnownFileType</key>
			<string>text.plist.xml</string>
			<key>path</key>
			<string>Info.plist</string>
			<key>sourceTree</key>
			<string>&lt;group&gt;</string>
		</dict>
		<key>3F51451B1D0357F40038AB05</key>
		<dict>
			<key>buildActionMask</key>
			<string>2147483647</string>
			<key>files</key>
			<array>
				<string>3F5145241D0357F40038AB05</string>
			</array>
			<key>isa</key>
			<string>PBXSourcesBuildPhase</string>
			<key>runOnlyForDeploymentPostprocessing</key>
			<string>0</string>
		</dict>
		<key>3F51451C1D0357F40038AB05</key>
		<dict>
			<key>buildActionMask</key>
			<string>2147483647</string>
			<key>files</key>
			<array>
				<string>E2723EA8DECF5EF2768C7B35</string>
			</array>
			<key>isa</key>
			<string>PBXFrameworksBuildPhase</string>
			<key>runOnlyForDeploymentPostprocessing</key>
			<string>0</string>
		</dict>
		<key>3F51451D1D0357F40038AB05</key>
		<dict>
			<key>buildActionMask</key>
			<string>2147483647</string>
			<key>files</key>
			<array/>
			<key>isa</key>
			<string>PBXResourcesBuildPhase</string>
			<key>runOnlyForDeploymentPostprocessing</key>
			<string>0</string>
		</dict>
		<key>3F51451E1D0357F40038AB05</key>
		<dict>
			<key>buildConfigurationList</key>
			<string>3F51452E1D0357F40038AB05</string>
			<key>buildPhases</key>
			<array>
				<string>4BBE74931A913CA0AF191942</string>
				<string>3F51451B1D0357F40038AB05</string>
				<string>3F51451C1D0357F40038AB05</string>
				<string>3F51451D1D0357F40038AB05</string>
				<string>21AD07D40204E7DBE1C20529</string>
			</array>
			<key>buildRules</key>
			<array/>
			<key>dependencies</key>
			<array>
				<string>3F5145211D0357F40038AB05</string>
			</array>
			<key>isa</key>
			<string>PBXNativeTarget</string>
			<key>name</key>
			<string>CharityAppUITests</string>
			<key>productName</key>
			<string>CharityAppUITests</string>
			<key>productReference</key>
			<string>3F51451F1D0357F40038AB05</string>
			<key>productType</key>
			<string>com.apple.product-type.bundle.ui-testing</string>
		</dict>
		<key>3F51451F1D0357F40038AB05</key>
		<dict>
			<key>explicitFileType</key>
			<string>wrapper.cfbundle</string>
			<key>includeInIndex</key>
			<string>0</string>
			<key>isa</key>
			<string>PBXFileReference</string>
			<key>path</key>
			<string>CharityAppUITests.xctest</string>
			<key>sourceTree</key>
			<string>BUILT_PRODUCTS_DIR</string>
		</dict>
		<key>3F5145201D0357F40038AB05</key>
		<dict>
			<key>containerPortal</key>
			<string>3F5144F81D0357F40038AB05</string>
			<key>isa</key>
			<string>PBXContainerItemProxy</string>
			<key>proxyType</key>
			<string>1</string>
			<key>remoteGlobalIDString</key>
			<string>3F5144FF1D0357F40038AB05</string>
			<key>remoteInfo</key>
			<string>CharityApp</string>
		</dict>
		<key>3F5145211D0357F40038AB05</key>
		<dict>
			<key>isa</key>
			<string>PBXTargetDependency</string>
			<key>target</key>
			<string>3F5144FF1D0357F40038AB05</string>
			<key>targetProxy</key>
			<string>3F5145201D0357F40038AB05</string>
		</dict>
		<key>3F5145221D0357F40038AB05</key>
		<dict>
			<key>children</key>
			<array>
				<string>3F5145231D0357F40038AB05</string>
				<string>3F5145251D0357F40038AB05</string>
			</array>
			<key>isa</key>
			<string>PBXGroup</string>
			<key>path</key>
			<string>CharityAppUITests</string>
			<key>sourceTree</key>
			<string>&lt;group&gt;</string>
		</dict>
		<key>3F5145231D0357F40038AB05</key>
		<dict>
			<key>isa</key>
			<string>PBXFileReference</string>
			<key>lastKnownFileType</key>
			<string>sourcecode.swift</string>
			<key>path</key>
			<string>CharityAppUITests.swift</string>
			<key>sourceTree</key>
			<string>&lt;group&gt;</string>
		</dict>
		<key>3F5145241D0357F40038AB05</key>
		<dict>
			<key>fileRef</key>
			<string>3F5145231D0357F40038AB05</string>
			<key>isa</key>
			<string>PBXBuildFile</string>
		</dict>
		<key>3F5145251D0357F40038AB05</key>
		<dict>
			<key>isa</key>
			<string>PBXFileReference</string>
			<key>lastKnownFileType</key>
			<string>text.plist.xml</string>
			<key>path</key>
			<string>Info.plist</string>
			<key>sourceTree</key>
			<string>&lt;group&gt;</string>
		</dict>
		<key>3F5145261D0357F40038AB05</key>
		<dict>
			<key>buildSettings</key>
			<dict>
				<key>ALWAYS_SEARCH_USER_PATHS</key>
				<string>NO</string>
				<key>CLANG_ANALYZER_NONNULL</key>
				<string>YES</string>
				<key>CLANG_CXX_LANGUAGE_STANDARD</key>
				<string>gnu++0x</string>
				<key>CLANG_CXX_LIBRARY</key>
				<string>libc++</string>
				<key>CLANG_ENABLE_MODULES</key>
				<string>YES</string>
				<key>CLANG_ENABLE_OBJC_ARC</key>
				<string>YES</string>
				<key>CLANG_WARN_BOOL_CONVERSION</key>
				<string>YES</string>
				<key>CLANG_WARN_CONSTANT_CONVERSION</key>
				<string>YES</string>
				<key>CLANG_WARN_DIRECT_OBJC_ISA_USAGE</key>
				<string>YES_ERROR</string>
				<key>CLANG_WARN_EMPTY_BODY</key>
				<string>YES</string>
				<key>CLANG_WARN_ENUM_CONVERSION</key>
				<string>YES</string>
				<key>CLANG_WARN_INT_CONVERSION</key>
				<string>YES</string>
				<key>CLANG_WARN_OBJC_ROOT_CLASS</key>
				<string>YES_ERROR</string>
				<key>CLANG_WARN_UNREACHABLE_CODE</key>
				<string>YES</string>
				<key>CLANG_WARN__DUPLICATE_METHOD_MATCH</key>
				<string>YES</string>
				<key>CODE_SIGN_IDENTITY[sdk=iphoneos*]</key>
				<string>iPhone Developer</string>
				<key>COPY_PHASE_STRIP</key>
				<string>NO</string>
				<key>DEBUG_INFORMATION_FORMAT</key>
				<string>dwarf</string>
				<key>ENABLE_STRICT_OBJC_MSGSEND</key>
				<string>YES</string>
				<key>ENABLE_TESTABILITY</key>
				<string>YES</string>
				<key>GCC_C_LANGUAGE_STANDARD</key>
				<string>gnu99</string>
				<key>GCC_DYNAMIC_NO_PIC</key>
				<string>NO</string>
				<key>GCC_NO_COMMON_BLOCKS</key>
				<string>YES</string>
				<key>GCC_OPTIMIZATION_LEVEL</key>
				<string>0</string>
				<key>GCC_PREPROCESSOR_DEFINITIONS</key>
				<array>
					<string>DEBUG=1</string>
					<string>$(inherited)</string>
				</array>
				<key>GCC_WARN_64_TO_32_BIT_CONVERSION</key>
				<string>YES</string>
				<key>GCC_WARN_ABOUT_RETURN_TYPE</key>
				<string>YES_ERROR</string>
				<key>GCC_WARN_UNDECLARED_SELECTOR</key>
				<string>YES</string>
				<key>GCC_WARN_UNINITIALIZED_AUTOS</key>
				<string>YES_AGGRESSIVE</string>
				<key>GCC_WARN_UNUSED_FUNCTION</key>
				<string>YES</string>
				<key>GCC_WARN_UNUSED_VARIABLE</key>
				<string>YES</string>
				<key>IPHONEOS_DEPLOYMENT_TARGET</key>
				<string>9.3</string>
				<key>MTL_ENABLE_DEBUG_INFO</key>
				<string>YES</string>
				<key>ONLY_ACTIVE_ARCH</key>
				<string>YES</string>
				<key>SDKROOT</key>
				<string>iphoneos</string>
				<key>SWIFT_OPTIMIZATION_LEVEL</key>
				<string>-Onone</string>
			</dict>
			<key>isa</key>
			<string>XCBuildConfiguration</string>
			<key>name</key>
			<string>Debug</string>
		</dict>
		<key>3F5145271D0357F40038AB05</key>
		<dict>
			<key>buildSettings</key>
			<dict>
				<key>ALWAYS_SEARCH_USER_PATHS</key>
				<string>NO</string>
				<key>CLANG_ANALYZER_NONNULL</key>
				<string>YES</string>
				<key>CLANG_CXX_LANGUAGE_STANDARD</key>
				<string>gnu++0x</string>
				<key>CLANG_CXX_LIBRARY</key>
				<string>libc++</string>
				<key>CLANG_ENABLE_MODULES</key>
				<string>YES</string>
				<key>CLANG_ENABLE_OBJC_ARC</key>
				<string>YES</string>
				<key>CLANG_WARN_BOOL_CONVERSION</key>
				<string>YES</string>
				<key>CLANG_WARN_CONSTANT_CONVERSION</key>
				<string>YES</string>
				<key>CLANG_WARN_DIRECT_OBJC_ISA_USAGE</key>
				<string>YES_ERROR</string>
				<key>CLANG_WARN_EMPTY_BODY</key>
				<string>YES</string>
				<key>CLANG_WARN_ENUM_CONVERSION</key>
				<string>YES</string>
				<key>CLANG_WARN_INT_CONVERSION</key>
				<string>YES</string>
				<key>CLANG_WARN_OBJC_ROOT_CLASS</key>
				<string>YES_ERROR</string>
				<key>CLANG_WARN_UNREACHABLE_CODE</key>
				<string>YES</string>
				<key>CLANG_WARN__DUPLICATE_METHOD_MATCH</key>
				<string>YES</string>
				<key>CODE_SIGN_IDENTITY[sdk=iphoneos*]</key>
				<string>iPhone Developer</string>
				<key>COPY_PHASE_STRIP</key>
				<string>NO</string>
				<key>DEBUG_INFORMATION_FORMAT</key>
				<string>dwarf-with-dsym</string>
				<key>ENABLE_NS_ASSERTIONS</key>
				<string>NO</string>
				<key>ENABLE_STRICT_OBJC_MSGSEND</key>
				<string>YES</string>
				<key>GCC_C_LANGUAGE_STANDARD</key>
				<string>gnu99</string>
				<key>GCC_NO_COMMON_BLOCKS</key>
				<string>YES</string>
				<key>GCC_WARN_64_TO_32_BIT_CONVERSION</key>
				<string>YES</string>
				<key>GCC_WARN_ABOUT_RETURN_TYPE</key>
				<string>YES_ERROR</string>
				<key>GCC_WARN_UNDECLARED_SELECTOR</key>
				<string>YES</string>
				<key>GCC_WARN_UNINITIALIZED_AUTOS</key>
				<string>YES_AGGRESSIVE</string>
				<key>GCC_WARN_UNUSED_FUNCTION</key>
				<string>YES</string>
				<key>GCC_WARN_UNUSED_VARIABLE</key>
				<string>YES</string>
				<key>IPHONEOS_DEPLOYMENT_TARGET</key>
				<string>9.3</string>
				<key>MTL_ENABLE_DEBUG_INFO</key>
				<string>NO</string>
				<key>SDKROOT</key>
				<string>iphoneos</string>
				<key>VALIDATE_PRODUCT</key>
				<string>YES</string>
			</dict>
			<key>isa</key>
			<string>XCBuildConfiguration</string>
			<key>name</key>
			<string>Release</string>
		</dict>
		<key>3F5145281D0357F40038AB05</key>
		<dict>
			<key>buildConfigurations</key>
			<array>
				<string>3F5145291D0357F40038AB05</string>
				<string>3F51452A1D0357F40038AB05</string>
			</array>
			<key>defaultConfigurationIsVisible</key>
			<string>0</string>
			<key>defaultConfigurationName</key>
			<string>Release</string>
			<key>isa</key>
			<string>XCConfigurationList</string>
		</dict>
		<key>3F5145291D0357F40038AB05</key>
		<dict>
			<key>baseConfigurationReference</key>
			<string>45500F0C3F623E784DD12644</string>
			<key>buildSettings</key>
			<dict>
				<key>ASSETCATALOG_COMPILER_APPICON_NAME</key>
				<string>AppIcon</string>
				<key>CLANG_ENABLE_MODULES</key>
				<string>YES</string>
				<key>INFOPLIST_FILE</key>
				<string>CharityApp/Info.plist</string>
				<key>LD_RUNPATH_SEARCH_PATHS</key>
				<string>$(inherited) @executable_path/Frameworks</string>
				<key>PRODUCT_BUNDLE_IDENTIFIER</key>
				<string>Vitalyi.CharityApp</string>
				<key>PRODUCT_NAME</key>
				<string>$(TARGET_NAME)</string>
				<key>SWIFT_OBJC_BRIDGING_HEADER</key>
				<string>CharityApp/CharityApp-Bridging-Header.h</string>
				<key>SWIFT_OPTIMIZATION_LEVEL</key>
				<string>-Onone</string>
			</dict>
			<key>isa</key>
			<string>XCBuildConfiguration</string>
			<key>name</key>
			<string>Debug</string>
		</dict>
		<key>3F51452A1D0357F40038AB05</key>
		<dict>
			<key>baseConfigurationReference</key>
			<string>B7513210BD64A01C3917B281</string>
			<key>buildSettings</key>
			<dict>
				<key>ASSETCATALOG_COMPILER_APPICON_NAME</key>
				<string>AppIcon</string>
				<key>CLANG_ENABLE_MODULES</key>
				<string>YES</string>
				<key>INFOPLIST_FILE</key>
				<string>CharityApp/Info.plist</string>
				<key>LD_RUNPATH_SEARCH_PATHS</key>
				<string>$(inherited) @executable_path/Frameworks</string>
				<key>PRODUCT_BUNDLE_IDENTIFIER</key>
				<string>Vitalyi.CharityApp</string>
				<key>PRODUCT_NAME</key>
				<string>$(TARGET_NAME)</string>
				<key>SWIFT_OBJC_BRIDGING_HEADER</key>
				<string>CharityApp/CharityApp-Bridging-Header.h</string>
			</dict>
			<key>isa</key>
			<string>XCBuildConfiguration</string>
			<key>name</key>
			<string>Release</string>
		</dict>
		<key>3F51452B1D0357F40038AB05</key>
		<dict>
			<key>buildConfigurations</key>
			<array>
				<string>3F51452C1D0357F40038AB05</string>
				<string>3F51452D1D0357F40038AB05</string>
			</array>
			<key>defaultConfigurationIsVisible</key>
			<string>0</string>
			<key>defaultConfigurationName</key>
			<string>Release</string>
			<key>isa</key>
			<string>XCConfigurationList</string>
		</dict>
		<key>3F51452C1D0357F40038AB05</key>
		<dict>
			<key>baseConfigurationReference</key>
			<string>2891EF7D17662D6F8889E87D</string>
			<key>buildSettings</key>
			<dict>
				<key>BUNDLE_LOADER</key>
				<string>$(TEST_HOST)</string>
				<key>INFOPLIST_FILE</key>
				<string>CharityAppTests/Info.plist</string>
				<key>LD_RUNPATH_SEARCH_PATHS</key>
				<string>$(inherited) @executable_path/Frameworks @loader_path/Frameworks</string>
				<key>PRODUCT_BUNDLE_IDENTIFIER</key>
				<string>Vitalyi.WillPower.CharityAppTests</string>
				<key>PRODUCT_NAME</key>
				<string>$(TARGET_NAME)</string>
				<key>TEST_HOST</key>
				<string>$(BUILT_PRODUCTS_DIR)/CharityApp.app/CharityApp</string>
			</dict>
			<key>isa</key>
			<string>XCBuildConfiguration</string>
			<key>name</key>
			<string>Debug</string>
		</dict>
		<key>3F51452D1D0357F40038AB05</key>
		<dict>
			<key>baseConfigurationReference</key>
			<string>8BAD64FD5D82A19F2DDD845E</string>
			<key>buildSettings</key>
			<dict>
				<key>BUNDLE_LOADER</key>
				<string>$(TEST_HOST)</string>
				<key>INFOPLIST_FILE</key>
				<string>CharityAppTests/Info.plist</string>
				<key>LD_RUNPATH_SEARCH_PATHS</key>
				<string>$(inherited) @executable_path/Frameworks @loader_path/Frameworks</string>
				<key>PRODUCT_BUNDLE_IDENTIFIER</key>
				<string>Vitalyi.WillPower.CharityAppTests</string>
				<key>PRODUCT_NAME</key>
				<string>$(TARGET_NAME)</string>
				<key>TEST_HOST</key>
				<string>$(BUILT_PRODUCTS_DIR)/CharityApp.app/CharityApp</string>
			</dict>
			<key>isa</key>
			<string>XCBuildConfiguration</string>
			<key>name</key>
			<string>Release</string>
		</dict>
		<key>3F51452E1D0357F40038AB05</key>
		<dict>
			<key>buildConfigurations</key>
			<array>
				<string>3F51452F1D0357F40038AB05</string>
				<string>3F5145301D0357F40038AB05</string>
			</array>
			<key>defaultConfigurationIsVisible</key>
			<string>0</string>
			<key>defaultConfigurationName</key>
			<string>Release</string>
			<key>isa</key>
			<string>XCConfigurationList</string>
		</dict>
		<key>3F51452F1D0357F40038AB05</key>
		<dict>
			<key>baseConfigurationReference</key>
			<string>2E97F148A22425E057A5E14B</string>
			<key>buildSettings</key>
			<dict>
				<key>INFOPLIST_FILE</key>
				<string>CharityAppUITests/Info.plist</string>
				<key>LD_RUNPATH_SEARCH_PATHS</key>
				<string>$(inherited) @executable_path/Frameworks @loader_path/Frameworks</string>
				<key>PRODUCT_BUNDLE_IDENTIFIER</key>
				<string>Vitalyi.WillPower.CharityAppUITests</string>
				<key>PRODUCT_NAME</key>
				<string>$(TARGET_NAME)</string>
				<key>TEST_TARGET_NAME</key>
				<string>CharityApp</string>
			</dict>
			<key>isa</key>
			<string>XCBuildConfiguration</string>
			<key>name</key>
			<string>Debug</string>
		</dict>
		<key>3F5145301D0357F40038AB05</key>
		<dict>
			<key>baseConfigurationReference</key>
			<string>CD8C439413F4609EDE9ECF48</string>
			<key>buildSettings</key>
			<dict>
				<key>INFOPLIST_FILE</key>
				<string>CharityAppUITests/Info.plist</string>
				<key>LD_RUNPATH_SEARCH_PATHS</key>
				<string>$(inherited) @executable_path/Frameworks @loader_path/Frameworks</string>
				<key>PRODUCT_BUNDLE_IDENTIFIER</key>
				<string>Vitalyi.WillPower.CharityAppUITests</string>
				<key>PRODUCT_NAME</key>
				<string>$(TARGET_NAME)</string>
				<key>TEST_TARGET_NAME</key>
				<string>CharityApp</string>
			</dict>
			<key>isa</key>
			<string>XCBuildConfiguration</string>
			<key>name</key>
			<string>Release</string>
		</dict>
		<key>3F7525BB1D06257000486769</key>
		<dict>
			<key>isa</key>
			<string>PBXFileReference</string>
			<key>lastKnownFileType</key>
			<string>sourcecode.c.h</string>
			<key>path</key>
			<string>CharityApp-Bridging-Header.h</string>
			<key>sourceTree</key>
			<string>&lt;group&gt;</string>
		</dict>
		<key>45500F0C3F623E784DD12644</key>
		<dict>
			<key>includeInIndex</key>
			<string>1</string>
			<key>isa</key>
			<string>PBXFileReference</string>
			<key>lastKnownFileType</key>
			<string>text.xcconfig</string>
			<key>name</key>
			<string>Pods-CharityApp.debug.xcconfig</string>
			<key>path</key>
			<string>Pods/Target Support Files/Pods-CharityApp/Pods-CharityApp.debug.xcconfig</string>
			<key>sourceTree</key>
			<string>&lt;group&gt;</string>
		</dict>
		<key>47078082194E254E186AE48B</key>
		<dict>
			<key>buildActionMask</key>
			<string>2147483647</string>
			<key>files</key>
			<array/>
			<key>inputPaths</key>
			<array/>
			<key>isa</key>
			<string>PBXShellScriptBuildPhase</string>
			<key>name</key>
			<string>Check Pods Manifest.lock</string>
			<key>outputPaths</key>
			<array/>
			<key>runOnlyForDeploymentPostprocessing</key>
			<string>0</string>
			<key>shellPath</key>
			<string>/bin/sh</string>
			<key>shellScript</key>
			<string>diff "${PODS_ROOT}/../Podfile.lock" "${PODS_ROOT}/Manifest.lock" &gt; /dev/null
if [[ $? != 0 ]] ; then
    cat &lt;&lt; EOM
error: The sandbox is not in sync with the Podfile.lock. Run 'pod install' or update your CocoaPods installation.
EOM
    exit 1
fi
</string>
			<key>showEnvVarsInLog</key>
			<string>0</string>
		</dict>
		<key>4BBE74931A913CA0AF191942</key>
		<dict>
			<key>buildActionMask</key>
			<string>2147483647</string>
			<key>files</key>
			<array/>
			<key>inputPaths</key>
			<array/>
			<key>isa</key>
			<string>PBXShellScriptBuildPhase</string>
			<key>name</key>
			<string>Check Pods Manifest.lock</string>
			<key>outputPaths</key>
			<array/>
			<key>runOnlyForDeploymentPostprocessing</key>
			<string>0</string>
			<key>shellPath</key>
			<string>/bin/sh</string>
			<key>shellScript</key>
			<string>diff "${PODS_ROOT}/../Podfile.lock" "${PODS_ROOT}/Manifest.lock" &gt; /dev/null
if [[ $? != 0 ]] ; then
    cat &lt;&lt; EOM
error: The sandbox is not in sync with the Podfile.lock. Run 'pod install' or update your CocoaPods installation.
EOM
    exit 1
fi
</string>
			<key>showEnvVarsInLog</key>
			<string>0</string>
		</dict>
		<key>4EFA6FE5142C59AFD808E19B</key>
		<dict>
			<key>fileRef</key>
			<string>2689B08E0C87D3A320E0641D</string>
			<key>isa</key>
			<string>PBXBuildFile</string>
		</dict>
		<key>51D96B140A3D71AB8C16ECEA</key>
		<dict>
			<key>children</key>
			<array>
				<string>1F010B96AFEEBDB977778F47</string>
				<string>2D09FE7BCC49D000184FFDAA</string>
				<string>B67F4F6E5FD672F25ED35CCA</string>
				<string>2689B08E0C87D3A320E0641D</string>
			</array>
			<key>isa</key>
			<string>PBXGroup</string>
			<key>name</key>
			<string>Frameworks</string>
			<key>sourceTree</key>
			<string>&lt;group&gt;</string>
		</dict>
		<key>751AFB47A21045E411A3F8FB</key>
		<dict>
			<key>fileRef</key>
			<string>2D09FE7BCC49D000184FFDAA</string>
			<key>isa</key>
			<string>PBXBuildFile</string>
		</dict>
		<key>8BAD64FD5D82A19F2DDD845E</key>
		<dict>
			<key>includeInIndex</key>
			<string>1</string>
			<key>isa</key>
			<string>PBXFileReference</string>
			<key>lastKnownFileType</key>
			<string>text.xcconfig</string>
			<key>name</key>
			<string>Pods-CharityAppTests.release.xcconfig</string>
			<key>path</key>
			<string>Pods/Target Support Files/Pods-CharityAppTests/Pods-CharityAppTests.release.xcconfig</string>
			<key>sourceTree</key>
			<string>&lt;group&gt;</string>
		</dict>
		<key>9C5F78709A7721545369CDD0</key>
		<dict>
			<key>buildActionMask</key>
			<string>2147483647</string>
			<key>files</key>
			<array/>
			<key>inputPaths</key>
			<array/>
			<key>isa</key>
			<string>PBXShellScriptBuildPhase</string>
			<key>name</key>
			<string>Check Pods Manifest.lock</string>
			<key>outputPaths</key>
			<array/>
			<key>runOnlyForDeploymentPostprocessing</key>
			<string>0</string>
			<key>shellPath</key>
			<string>/bin/sh</string>
			<key>shellScript</key>
			<string>diff "${PODS_ROOT}/../Podfile.lock" "${PODS_ROOT}/Manifest.lock" &gt; /dev/null
if [[ $? != 0 ]] ; then
    cat &lt;&lt; EOM
error: The sandbox is not in sync with the Podfile.lock. Run 'pod install' or update your CocoaPods installation.
EOM
    exit 1
fi
</string>
			<key>showEnvVarsInLog</key>
			<string>0</string>
		</dict>
		<key>B1C40D108ECF4B45DD1A1F14</key>
		<dict>
			<key>children</key>
			<array>
				<string>45500F0C3F623E784DD12644</string>
				<string>B7513210BD64A01C3917B281</string>
				<string>2891EF7D17662D6F8889E87D</string>
				<string>8BAD64FD5D82A19F2DDD845E</string>
				<string>2E97F148A22425E057A5E14B</string>
				<string>CD8C439413F4609EDE9ECF48</string>
			</array>
			<key>isa</key>
			<string>PBXGroup</string>
			<key>name</key>
			<string>Pods</string>
			<key>sourceTree</key>
			<string>&lt;group&gt;</string>
		</dict>
		<key>B67F4F6E5FD672F25ED35CCA</key>
		<dict>
			<key>explicitFileType</key>
			<string>wrapper.framework</string>
			<key>includeInIndex</key>
			<string>0</string>
			<key>isa</key>
			<string>PBXFileReference</string>
			<key>path</key>
			<string>Pods_CharityAppUITests.framework</string>
			<key>sourceTree</key>
			<string>BUILT_PRODUCTS_DIR</string>
		</dict>
		<key>B7513210BD64A01C3917B281</key>
		<dict>
			<key>includeInIndex</key>
			<string>1</string>
			<key>isa</key>
			<string>PBXFileReference</string>
			<key>lastKnownFileType</key>
			<string>text.xcconfig</string>
			<key>name</key>
			<string>Pods-CharityApp.release.xcconfig</string>
			<key>path</key>
			<string>Pods/Target Support Files/Pods-CharityApp/Pods-CharityApp.release.xcconfig</string>
			<key>sourceTree</key>
			<string>&lt;group&gt;</string>
		</dict>
		<key>CD8C439413F4609EDE9ECF48</key>
		<dict>
			<key>includeInIndex</key>
			<string>1</string>
			<key>isa</key>
			<string>PBXFileReference</string>
			<key>lastKnownFileType</key>
			<string>text.xcconfig</string>
			<key>name</key>
			<string>Pods-CharityAppUITests.release.xcconfig</string>
			<key>path</key>
			<string>Pods/Target Support Files/Pods-CharityAppUITests/Pods-CharityAppUITests.release.xcconfig</string>
			<key>sourceTree</key>
			<string>&lt;group&gt;</string>
		</dict>
		<key>E2723EA8DECF5EF2768C7B35</key>
		<dict>
			<key>fileRef</key>
			<string>B67F4F6E5FD672F25ED35CCA</string>
			<key>isa</key>
			<string>PBXBuildFile</string>
		</dict>
		<key>E929E1833C9712CE5969C7C5</key>
		<dict>
			<key>buildActionMask</key>
			<string>2147483647</string>
			<key>files</key>
			<array/>
			<key>inputPaths</key>
			<array/>
			<key>isa</key>
			<string>PBXShellScriptBuildPhase</string>
			<key>name</key>
			<string>Copy Pods Resources</string>
			<key>outputPaths</key>
			<array/>
			<key>runOnlyForDeploymentPostprocessing</key>
			<string>0</string>
			<key>shellPath</key>
			<string>/bin/sh</string>
			<key>shellScript</key>
			<string>"${SRCROOT}/Pods/Target Support Files/Pods-CharityApp/Pods-CharityApp-resources.sh"
</string>
			<key>showEnvVarsInLog</key>
			<string>0</string>
		</dict>
		<key>EC10B3D289752BAE944A382A</key>
		<dict>
			<key>buildActionMask</key>
			<string>2147483647</string>
			<key>files</key>
			<array/>
			<key>inputPaths</key>
			<array/>
			<key>isa</key>
			<string>PBXShellScriptBuildPhase</string>
			<key>name</key>
			<string>Embed Pods Frameworks</string>
			<key>outputPaths</key>
			<array/>
			<key>runOnlyForDeploymentPostprocessing</key>
			<string>0</string>
			<key>shellPath</key>
			<string>/bin/sh</string>
			<key>shellScript</key>
			<string>"${SRCROOT}/Pods/Target Support Files/Pods-CharityAppTests/Pods-CharityAppTests-frameworks.sh"
</string>
			<key>showEnvVarsInLog</key>
			<string>0</string>
		</dict>
		<key>F055D78CF0D7DBD9A0AF59DA</key>
		<dict>
			<key>buildActionMask</key>
			<string>2147483647</string>
			<key>files</key>
			<array/>
			<key>inputPaths</key>
			<array/>
			<key>isa</key>
			<string>PBXShellScriptBuildPhase</string>
			<key>name</key>
			<string>Copy Pods Resources</string>
			<key>outputPaths</key>
			<array/>
			<key>runOnlyForDeploymentPostprocessing</key>
			<string>0</string>
			<key>shellPath</key>
			<string>/bin/sh</string>
			<key>shellScript</key>
			<string>"${SRCROOT}/Pods/Target Support Files/Pods-CharityAppTests/Pods-CharityAppTests-resources.sh"
</string>
			<key>showEnvVarsInLog</key>
			<string>0</string>
		</dict>
	</dict>
	<key>rootObject</key>
	<string>3F5144F81D0357F40038AB05</string>
</dict>
</plist>
